
Microsoft Visual Studio Solution File, Format Version 12.00
# Visual Studio Version 17
VisualStudioVersion = 17.9.34622.214
MinimumVisualStudioVersion = 10.0.40219.1
Project("{FAE04EC0-301F-11D3-BF4B-00C04F79EFBC}") = "Amaliy Topshiriq", "Amaliy Topshiriq\Amaliy Topshiriq.csproj", "{451D7A69-311B-4A9B-BEAB-71D051B2F161}"
EndProject
Global
	GlobalSection(SolutionConfigurationPlatforms) = preSolution
		Debug|Any CPU = Debug|Any CPU
		Release|Any CPU = Release|Any CPU
	EndGlobalSection
	GlobalSection(ProjectConfigurationPlatforms) = postSolution
		{451D7A69-311B-4A9B-BEAB-71D051B2F161}.Debug|Any CPU.ActiveCfg = Debug|Any CPU
		{451D7A69-311B-4A9B-BEAB-71D051B2F161}.Debug|Any CPU.Build.0 = Debug|Any CPU
		{451D7A69-311B-4A9B-BEAB-71D051B2F161}.Release|Any CPU.ActiveCfg = Release|Any CPU
		{451D7A69-311B-4A9B-BEAB-71D051B2F161}.Release|Any CPU.Build.0 = Release|Any CPU
	EndGlobalSection
	GlobalSection(SolutionProperties) = preSolution
		HideSolutionNode = FALSE
	EndGlobalSection
	GlobalSection(ExtensibilityGlobals) = postSolution
		SolutionGuid = {D4A04836-DF30-4980-A076-4717A4723380}
	EndGlobalSection
EndGlobal
